
Microsoft Visual Studio Solution File, Format Version 12.00
# Visual Studio 14
VisualStudioVersion = 14.0.25420.1
MinimumVisualStudioVersion = 10.0.40219.1
Project("{FAE04EC0-301F-11D3-BF4B-00C04F79EFBC}") = "Soindus.AddOnRindegastos", "Soindus.AddOnRindegastos\Soindus.AddOnRindegastos.csproj", "{9327A4FD-27BC-4950-90E4-0852661635EF}"
EndProject
Project("{FAE04EC0-301F-11D3-BF4B-00C04F79EFBC}") = "Soindus.Interfaces.Rindegastos", "Soindus.Interfaces.Rindegastos\Soindus.Interfaces.Rindegastos.csproj", "{14F6302E-5048-4E33-B397-89F5804C454F}"
EndProject
Global
	GlobalSection(SolutionConfigurationPlatforms) = preSolution
		Debug|Any CPU = Debug|Any CPU
		Release|Any CPU = Release|Any CPU
	EndGlobalSection
	GlobalSection(ProjectConfigurationPlatforms) = postSolution
		{9327A4FD-27BC-4950-90E4-0852661635EF}.Debug|Any CPU.ActiveCfg = Debug|Any CPU
		{9327A4FD-27BC-4950-90E4-0852661635EF}.Debug|Any CPU.Build.0 = Debug|Any CPU
		{9327A4FD-27BC-4950-90E4-0852661635EF}.Release|Any CPU.ActiveCfg = Release|Any CPU
		{9327A4FD-27BC-4950-90E4-0852661635EF}.Release|Any CPU.Build.0 = Release|Any CPU
		{14F6302E-5048-4E33-B397-89F5804C454F}.Debug|Any CPU.ActiveCfg = Debug|Any CPU
		{14F6302E-5048-4E33-B397-89F5804C454F}.Debug|Any CPU.Build.0 = Debug|Any CPU
		{14F6302E-5048-4E33-B397-89F5804C454F}.Release|Any CPU.ActiveCfg = Release|Any CPU
		{14F6302E-5048-4E33-B397-89F5804C454F}.Release|Any CPU.Build.0 = Release|Any CPU
	EndGlobalSection
	GlobalSection(SolutionProperties) = preSolution
		HideSolutionNode = FALSE
	EndGlobalSection
	GlobalSection(ExtensibilityGlobals) = postSolution
		SolutionGuid = {D15EF5BA-D568-4105-92F1-9C79DAF4DA8C}
	EndGlobalSection
EndGlobal
